
Microsoft Visual Studio Solution File, Format Version 12.00
# Visual Studio Version 16
VisualStudioVersion = 16.0.31112.23
MinimumVisualStudioVersion = 10.0.40219.1
Project("{FAE04EC0-301F-11D3-BF4B-00C04F79EFBC}") = "Project_Euler", "Project_Euler.csproj", "{7B0CB429-4BE8-465E-B904-B09620FFDBFF}"
EndProject
Project("{FAE04EC0-301F-11D3-BF4B-00C04F79EFBC}") = "TestProjectEuler", "..\TestProjectEuler\TestProjectEuler.csproj", "{0F312C43-439C-44B6-AA5A-CAD3888B8A3D}"
EndProject
Global
	GlobalSection(SolutionConfigurationPlatforms) = preSolution
		Debug|Any CPU = Debug|Any CPU
		Release|Any CPU = Release|Any CPU
	EndGlobalSection
	GlobalSection(ProjectConfigurationPlatforms) = postSolution
		{7B0CB429-4BE8-465E-B904-B09620FFDBFF}.Debug|Any CPU.ActiveCfg = Debug|Any CPU
		{7B0CB429-4BE8-465E-B904-B09620FFDBFF}.Debug|Any CPU.Build.0 = Debug|Any CPU
		{7B0CB429-4BE8-465E-B904-B09620FFDBFF}.Release|Any CPU.ActiveCfg = Release|Any CPU
		{7B0CB429-4BE8-465E-B904-B09620FFDBFF}.Release|Any CPU.Build.0 = Release|Any CPU
		{0F312C43-439C-44B6-AA5A-CAD3888B8A3D}.Debug|Any CPU.ActiveCfg = Debug|Any CPU
		{0F312C43-439C-44B6-AA5A-CAD3888B8A3D}.Debug|Any CPU.Build.0 = Debug|Any CPU
		{0F312C43-439C-44B6-AA5A-CAD3888B8A3D}.Release|Any CPU.ActiveCfg = Release|Any CPU
		{0F312C43-439C-44B6-AA5A-CAD3888B8A3D}.Release|Any CPU.Build.0 = Release|Any CPU
	EndGlobalSection
	GlobalSection(SolutionProperties) = preSolution
		HideSolutionNode = FALSE
	EndGlobalSection
	GlobalSection(ExtensibilityGlobals) = postSolution
		SolutionGuid = {A070343B-7E27-49E7-8713-D51BC1453317}
	EndGlobalSection
EndGlobal
